
Microsoft Visual Studio Solution File, Format Version 12.00
# Visual Studio Version 16
VisualStudioVersion = 16.0.31729.503
MinimumVisualStudioVersion = 10.0.40219.1
Project("{FAE04EC0-301F-11D3-BF4B-00C04F79EFBC}") = "LianLianKan", "LianLianKan\LianLianKan.csproj", "{C8EE9285-7F25-4BF7-B128-2B06FC7A7092}"
EndProject
Project("{FAE04EC0-301F-11D3-BF4B-00C04F79EFBC}") = "LianLianKanLib", "LianLianKanLib\LianLianKanLib.csproj", "{8EB7850A-4B62-4BB8-9A48-14046F72433B}"
EndProject
Project("{FAE04EC0-301F-11D3-BF4B-00C04F79EFBC}") = "LianLianKanServer", "LianLianKanServer\LianLianKanServer.csproj", "{01E2449E-6FBD-4F6E-9DDF-A372075E2A17}"
EndProject
Global
	GlobalSection(SolutionConfigurationPlatforms) = preSolution
		Debug|Any CPU = Debug|Any CPU
		Release|Any CPU = Release|Any CPU
	EndGlobalSection
	GlobalSection(ProjectConfigurationPlatforms) = postSolution
		{C8EE9285-7F25-4BF7-B128-2B06FC7A7092}.Debug|Any CPU.ActiveCfg = Debug|Any CPU
		{C8EE9285-7F25-4BF7-B128-2B06FC7A7092}.Debug|Any CPU.Build.0 = Debug|Any CPU
		{C8EE9285-7F25-4BF7-B128-2B06FC7A7092}.Release|Any CPU.ActiveCfg = Release|Any CPU
		{C8EE9285-7F25-4BF7-B128-2B06FC7A7092}.Release|Any CPU.Build.0 = Release|Any CPU
		{8EB7850A-4B62-4BB8-9A48-14046F72433B}.Debug|Any CPU.ActiveCfg = Debug|Any CPU
		{8EB7850A-4B62-4BB8-9A48-14046F72433B}.Debug|Any CPU.Build.0 = Debug|Any CPU
		{8EB7850A-4B62-4BB8-9A48-14046F72433B}.Release|Any CPU.ActiveCfg = Release|Any CPU
		{8EB7850A-4B62-4BB8-9A48-14046F72433B}.Release|Any CPU.Build.0 = Release|Any CPU
		{01E2449E-6FBD-4F6E-9DDF-A372075E2A17}.Debug|Any CPU.ActiveCfg = Debug|Any CPU
		{01E2449E-6FBD-4F6E-9DDF-A372075E2A17}.Debug|Any CPU.Build.0 = Debug|Any CPU
		{01E2449E-6FBD-4F6E-9DDF-A372075E2A17}.Release|Any CPU.ActiveCfg = Release|Any CPU
		{01E2449E-6FBD-4F6E-9DDF-A372075E2A17}.Release|Any CPU.Build.0 = Release|Any CPU
	EndGlobalSection
	GlobalSection(SolutionProperties) = preSolution
		HideSolutionNode = FALSE
	EndGlobalSection
	GlobalSection(ExtensibilityGlobals) = postSolution
		SolutionGuid = {52EA9083-081E-46BB-9505-B0C2C679A1F2}
	EndGlobalSection
EndGlobal
